lockfileVersion: 5.3

specifiers:
  '@pixi/accessibility': ^6.3.0
  '@pixi/app': ^6.3.0
  '@pixi/basis': ^6.3.0
  '@pixi/compressed-textures': ^6.3.0
  '@pixi/constants': ^6.3.0
  '@pixi/core': ^6.3.0
  '@pixi/display': ^6.3.0
  '@pixi/events': ^6.3.0
  '@pixi/extract': ^6.3.0
  '@pixi/graphics': ^6.3.0
  '@pixi/graphics-extras': ^6.3.0
  '@pixi/interaction': ^6.3.0
  '@pixi/loaders': ^6.3.0
  '@pixi/math': ^6.3.0
  '@pixi/mesh': ^6.3.0
  '@pixi/mixin-cache-as-bitmap': ^6.3.0
  '@pixi/mixin-get-child-by-name': ^6.3.0
  '@pixi/mixin-get-global-position': ^6.3.0
  '@pixi/particle-container': ^6.3.0
  '@pixi/prepare': ^6.3.0
  '@pixi/runner': ^6.3.0
  '@pixi/settings': ^6.3.0
  '@pixi/sprite': ^6.3.0
  '@pixi/sprite-animated': ^6.3.0
  '@pixi/sprite-tiling': ^6.3.0
  '@pixi/spritesheet': ^6.3.0
  '@pixi/text': ^6.3.0
  '@pixi/text-bitmap': ^6.3.0
  '@pixi/ticker': ^6.3.0
  '@pixi/unsafe-eval': ^6.3.0
  '@pixi/utils': ^6.3.0
  '@sveltejs/adapter-auto': next
  '@sveltejs/kit': next
  pixi.js: ^6.3.0
  svelte: ^3.46.4
  svelte-pixi: next

dependencies:
  '@pixi/accessibility': 6.3.0_bb4b4e28a5dfba35286b18f9d00067ac
  '@pixi/app': 6.3.0_cdae25483588b0a4e56d97fe063feaa7
  '@pixi/basis': 6.3.0_0ca5685c369cb02595beeb9a4d47c769
  '@pixi/compressed-textures': 6.3.0_d089c9ec1b9a94e9d501f212351db9af
  '@pixi/constants': 6.3.0
  '@pixi/core': 6.3.0_27ae776bfc84274ca58c0cc44f8c5b37
  '@pixi/display': 6.3.0_847174e7ddcf04d2e651eb5a179aff75
  '@pixi/events': 6.3.0_85293ae56985f1767d6032561b85b0b9
  '@pixi/extract': 6.3.0_fe061c6812dd841a336f7bdce639d7bd
  '@pixi/graphics': 6.3.0_a09f64c7bef28a737b882c25c5af46fd
  '@pixi/graphics-extras': 6.3.0_af2728399355f59248e6b80dea938c3b
  '@pixi/interaction': 6.3.0_a0f03be371cd1c37a108c6bd3cfd784e
  '@pixi/loaders': 6.3.0_a94aba2335b7bc65a24d61ccd7be5733
  '@pixi/math': 6.3.0
  '@pixi/mesh': 6.3.0_45b67f8fed0f079020fd8517bdc63488
  '@pixi/mixin-cache-as-bitmap': 6.3.0_7be9bace190ffccae0fa6e49b620e873
  '@pixi/mixin-get-child-by-name': 6.3.0_@pixi+display@6.3.0
  '@pixi/mixin-get-global-position': 6.3.0_0a5c543cd7030a4f5de76ea535933907
  '@pixi/particle-container': 6.3.0_499425e40f70bfcf5c78e9dbc9eba230
  '@pixi/prepare': 6.3.0_31d7e14a60d0a928bb09c6814ad5aa59
  '@pixi/runner': 6.3.0
  '@pixi/settings': 6.3.0
  '@pixi/sprite': 6.3.0_45b67f8fed0f079020fd8517bdc63488
  '@pixi/sprite-animated': 6.3.0_3c0ec2cf44e4869083d5fa00362f7c5e
  '@pixi/sprite-tiling': 6.3.0_a09f64c7bef28a737b882c25c5af46fd
  '@pixi/spritesheet': 6.3.0_597c6343416fc4c35769530e3044de43
  '@pixi/text': 6.3.0_09c15ae38211b732767a2ec7133a24a9
  '@pixi/text-bitmap': 6.3.0_e5b7c7296d8d0ea296850d503201ab8e
  '@pixi/ticker': 6.3.0_@pixi+settings@6.3.0
  '@pixi/unsafe-eval': 6.3.0_@pixi+core@6.3.0
  '@pixi/utils': 6.3.0_144ef662441eafe6efbce13303d1e8b8
  pixi.js: 6.3.0
  svelte-pixi: 0.1.0-alpha.19_pixi.js@6.3.0

devDependencies:
  '@sveltejs/adapter-auto': 1.0.0-next.36
  '@sveltejs/kit': 1.0.0-next.318_svelte@3.47.0
  svelte: 3.47.0

packages:

  /@iarna/toml/2.2.5:
    resolution: {integrity: sha512-trnsAYxU3xnS1gPHPyU961coFyLkh4gAD/0zQ5mymY4yOZ+CYvsPqUbOFSw0aDM4y0tV7tiFxL/1XfXPNC6IPg==}
    dev: true

  /@pixi/accessibility/6.3.0_bb4b4e28a5dfba35286b18f9d00067ac:
    resolution: {integrity: sha512-G2IJovkixJ3MdXC456e7Nu9J2nLte01KwJPkWhhuuZkRQI6gBcLHn5flGG+QVx/dZDLySXyHiJ+1MAQ8kI9AbA==}
    peerDependencies:
      '@pixi/core': 6.3.0
      '@pixi/display': 6.3.0
      '@pixi/utils': 6.3.0
    dependencies:
      '@pixi/core': 6.3.0_27ae776bfc84274ca58c0cc44f8c5b37
      '@pixi/display': 6.3.0_847174e7ddcf04d2e651eb5a179aff75
      '@pixi/utils': 6.3.0_144ef662441eafe6efbce13303d1e8b8
    dev: false

  /@pixi/app/6.3.0_cdae25483588b0a4e56d97fe063feaa7:
    resolution: {integrity: sha512-Ud+D/VkGFCx9Z+i0OXDzXqT3zNrUJ9f3sZuoACz1VVD6nnSq+wBZPnyoOOsgfiMYo/0KYVJh+EdBKZS8aYnnVQ==}
    peerDependencies:
      '@pixi/core': 6.3.0
      '@pixi/display': 6.3.0
    dependencies:
      '@pixi/core': 6.3.0_27ae776bfc84274ca58c0cc44f8c5b37
      '@pixi/display': 6.3.0_847174e7ddcf04d2e651eb5a179aff75
    dev: false

  /@pixi/basis/6.3.0_0ca5685c369cb02595beeb9a4d47c769:
    resolution: {integrity: sha512-vSZSJUFj8fHwdU7pKcHlxZNQN92CEj1G6FiWhuoEGzIGKg00BTkJ4EapiimfauA7BCF6wqJpYjNSGAtYCdPzgw==}
    peerDependencies:
      '@pixi/compressed-textures': 6.3.0
      '@pixi/constants': 6.3.0
      '@pixi/core': 6.3.0
      '@pixi/loaders': 6.3.0
      '@pixi/runner': 6.3.0
    dependencies:
      '@pixi/compressed-textures': 6.3.0_d089c9ec1b9a94e9d501f212351db9af
      '@pixi/constants': 6.3.0
      '@pixi/core': 6.3.0_27ae776bfc84274ca58c0cc44f8c5b37
      '@pixi/loaders': 6.3.0_a94aba2335b7bc65a24d61ccd7be5733
      '@pixi/runner': 6.3.0
    dev: false

  /@pixi/compressed-textures/6.3.0_d089c9ec1b9a94e9d501f212351db9af:
    resolution: {integrity: sha512-Y/SHGQZftvSM98/m89a1Pf99c9L5TGEPngueOcmjCABeGI33vOaL2VM4chkHXhG9HLqrHYAty24vXqOj42LbJw==}
    peerDependencies:
      '@pixi/constants': 6.3.0
      '@pixi/core': 6.3.0
      '@pixi/loaders': 6.3.0
      '@pixi/utils': 6.3.0
    dependencies:
      '@pixi/constants': 6.3.0
      '@pixi/core': 6.3.0_27ae776bfc84274ca58c0cc44f8c5b37
      '@pixi/loaders': 6.3.0_a94aba2335b7bc65a24d61ccd7be5733
      '@pixi/utils': 6.3.0_144ef662441eafe6efbce13303d1e8b8
    dev: false

  /@pixi/constants/6.3.0:
    resolution: {integrity: sha512-295/bb0+5IugA9plqBnD6xrvApjgGRdaNJ6EryCa7UB2j8wt4YtuzLjNeaCtng9eJONgJXXPhPF85+spdWRMbg==}
    dev: false

  /@pixi/core/6.3.0_27ae776bfc84274ca58c0cc44f8c5b37:
    resolution: {integrity: sha512-j7UMizcgDoUB9eDrZIP22xJCPYpjx2/BCl8deE5M9Cim9OR2qPxnNnt3jC1oKf2vVnNMTDrMOLekhMVo89FX2Q==}
    peerDependencies:
      '@pixi/constants': 6.3.0
      '@pixi/math': 6.3.0
      '@pixi/runner': 6.3.0
      '@pixi/settings': 6.3.0
      '@pixi/ticker': 6.3.0
      '@pixi/utils': 6.3.0
    dependencies:
      '@pixi/constants': 6.3.0
      '@pixi/math': 6.3.0
      '@pixi/runner': 6.3.0
      '@pixi/settings': 6.3.0
      '@pixi/ticker': 6.3.0_@pixi+settings@6.3.0
      '@pixi/utils': 6.3.0_144ef662441eafe6efbce13303d1e8b8
      '@types/offscreencanvas': 2019.6.4
    dev: false

  /@pixi/display/6.3.0_847174e7ddcf04d2e651eb5a179aff75:
    resolution: {integrity: sha512-Uxc1aLTFzV55d3kOlh/g19RlE2okPXsroi5jfYGCNS0VCdFk0sp6jMNEwk12BwC0KcA5SU7217H4jLy38VCVpA==}
    peerDependencies:
      '@pixi/math': 6.3.0
      '@pixi/settings': 6.3.0
      '@pixi/utils': 6.3.0
    dependencies:
      '@pixi/math': 6.3.0
      '@pixi/settings': 6.3.0
      '@pixi/utils': 6.3.0_144ef662441eafe6efbce13303d1e8b8
    dev: false

  /@pixi/events/6.3.0_85293ae56985f1767d6032561b85b0b9:
    resolution: {integrity: sha512-Cjg5fHS2jbYTGg+jYMMU2ql0WpVWol/FWRQAde6ELXxNq+R6kz7/HDal2dYH52wu541PR6ZSaAASzB2wrIzZ4g==}
    peerDependencies:
      '@pixi/display': 6.3.0
      '@pixi/math': 6.3.0
      '@pixi/utils': 6.3.0
    dependencies:
      '@pixi/display': 6.3.0_847174e7ddcf04d2e651eb5a179aff75
      '@pixi/math': 6.3.0
      '@pixi/utils': 6.3.0_144ef662441eafe6efbce13303d1e8b8
    dev: false

  /@pixi/extract/6.3.0_fe061c6812dd841a336f7bdce639d7bd:
    resolution: {integrity: sha512-p5d3Jx0hoIQZsn1msIOyYCzyRjVkfiDUNkuzpLmNo9zng7C6bwqmIZWEMr5alm7+XwqKHlQdsBuK9PeUJt9fGQ==}
    peerDependencies:
      '@pixi/core': 6.3.0
      '@pixi/math': 6.3.0
      '@pixi/utils': 6.3.0
    dependencies:
      '@pixi/core': 6.3.0_27ae776bfc84274ca58c0cc44f8c5b37
      '@pixi/math': 6.3.0
      '@pixi/utils': 6.3.0_144ef662441eafe6efbce13303d1e8b8
    dev: false

  /@pixi/filter-alpha/6.3.0_@pixi+core@6.3.0:
    resolution: {integrity: sha512-FyO35T2ym7R/rxaQzz3+dfpMlNn7b4XCFebD7hAgYoLqb+/vaM32ZjjoKBxxFRFqpZxBO6BObCyJQd245h+P4A==}
    peerDependencies:
      '@pixi/core': 6.3.0
    dependencies:
      '@pixi/core': 6.3.0_27ae776bfc84274ca58c0cc44f8c5b37
    dev: false

  /@pixi/filter-blur/6.3.0_3cf1b78697a3bd859784ee357016e80d:
    resolution: {integrity: sha512-TpQxBbFnkcAxMOInMZDprRPXlfhQ0tYOvbnmdDbVTEGOqDXY/7do0bYRfsNshAyeyGE4NVIks1S/RlGkzHLhBg==}
    peerDependencies:
      '@pixi/core': 6.3.0
      '@pixi/settings': 6.3.0
    dependencies:
      '@pixi/core': 6.3.0_27ae776bfc84274ca58c0cc44f8c5b37
      '@pixi/settings': 6.3.0
    dev: false

  /@pixi/filter-color-matrix/6.3.0_@pixi+core@6.3.0:
    resolution: {integrity: sha512-9qKrRiaeINap7BgolI3GZ5RaRgYNx0pK8iyrn7vWcuQAxR/lPM+rfgWQPagjXdU9NbnbnfZj0LNOmgFqtWsZTQ==}
    peerDependencies:
      '@pixi/core': 6.3.0
    dependencies:
      '@pixi/core': 6.3.0_27ae776bfc84274ca58c0cc44f8c5b37
    dev: false

  /@pixi/filter-displacement/6.3.0_f0ca2d9aa40a357b10a6579c2ba2580c:
    resolution: {integrity: sha512-zjOnM3fVh4HOxEHzG/iN00ZmxCuZdxy+xTnjUZkbOgmXtDqRa9HakCBHlg60ZpF/NiIAkJNdrXx6nDhh2hve8Q==}
    peerDependencies:
      '@pixi/core': 6.3.0
      '@pixi/math': 6.3.0
    dependencies:
      '@pixi/core': 6.3.0_27ae776bfc84274ca58c0cc44f8c5b37
      '@pixi/math': 6.3.0
    dev: false

  /@pixi/filter-fxaa/6.3.0_@pixi+core@6.3.0:
    resolution: {integrity: sha512-dKhKNmQ8zgtvcT2s7nDU/0LETaCzydgosXAeEPO5XtkHA6asffjEAqiie9wpj3DzODOibNuC/wpiiwGmN6xGgw==}
    peerDependencies:
      '@pixi/core': 6.3.0
    dependencies:
      '@pixi/core': 6.3.0_27ae776bfc84274ca58c0cc44f8c5b37
    dev: false

  /@pixi/filter-noise/6.3.0_@pixi+core@6.3.0:
    resolution: {integrity: sha512-+2qhb/wWkqI86xb2+NMxeoKUiA5Kx6Kvo1jCvSE4PdP5CGCFDLQqnj0NkIZCbl/3L0MiM9vy+JRmY+nVgre8Tw==}
    peerDependencies:
      '@pixi/core': 6.3.0
    dependencies:
      '@pixi/core': 6.3.0_27ae776bfc84274ca58c0cc44f8c5b37
    dev: false

  /@pixi/graphics-extras/6.3.0_af2728399355f59248e6b80dea938c3b:
    resolution: {integrity: sha512-XsRZSRY4Jyhlc2Df6is43OfSBPwICXceczSeOcWx7juRQ8rwGVZLfaKEgBQtTs4++MOBTTIY8BrXqJ0yJOaS1w==}
    peerDependencies:
      '@pixi/graphics': 6.3.0
      '@pixi/math': 6.3.0
    dependencies:
      '@pixi/graphics': 6.3.0_a09f64c7bef28a737b882c25c5af46fd
      '@pixi/math': 6.3.0
    dev: false

  /@pixi/graphics/6.3.0_a09f64c7bef28a737b882c25c5af46fd:
    resolution: {integrity: sha512-cnce8ddZSRgVuwK3hdWjEgf9WJljEXlJp+tOIEYvmNYnkvfaRpdeVRpF5yd+A24ZswrVRU9W/W7cXCMw2uq/vQ==}
    peerDependencies:
      '@pixi/constants': 6.3.0
      '@pixi/core': 6.3.0
      '@pixi/display': 6.3.0
      '@pixi/math': 6.3.0
      '@pixi/sprite': 6.3.0
      '@pixi/utils': 6.3.0
    dependencies:
      '@pixi/constants': 6.3.0
      '@pixi/core': 6.3.0_27ae776bfc84274ca58c0cc44f8c5b37
      '@pixi/display': 6.3.0_847174e7ddcf04d2e651eb5a179aff75
      '@pixi/math': 6.3.0
      '@pixi/sprite': 6.3.0_45b67f8fed0f079020fd8517bdc63488
      '@pixi/utils': 6.3.0_144ef662441eafe6efbce13303d1e8b8
    dev: false

  /@pixi/interaction/6.3.0_a0f03be371cd1c37a108c6bd3cfd784e:
    resolution: {integrity: sha512-ZAgYJPnpQS07r69o6Mgn4SxurY+t05EWblC8bpVssQ/k2yU3xeWAKNV/Hk39AKrM5S+PBU9YyGX//jM+3gt8rQ==}
    peerDependencies:
      '@pixi/core': 6.3.0
      '@pixi/display': 6.3.0
      '@pixi/math': 6.3.0
      '@pixi/ticker': 6.3.0
      '@pixi/utils': 6.3.0
    dependencies:
      '@pixi/core': 6.3.0_27ae776bfc84274ca58c0cc44f8c5b37
      '@pixi/display': 6.3.0_847174e7ddcf04d2e651eb5a179aff75
      '@pixi/math': 6.3.0
      '@pixi/ticker': 6.3.0_@pixi+settings@6.3.0
      '@pixi/utils': 6.3.0_144ef662441eafe6efbce13303d1e8b8
    dev: false

  /@pixi/loaders/6.3.0_a94aba2335b7bc65a24d61ccd7be5733:
    resolution: {integrity: sha512-FXW3DkcAg2w0FABS6ixmzJNQSdabHXWumltelYM76NmBSE8oaLmg6tniBvjrTlSxUs3HlgwdeqgnUHV9GIFxLQ==}
    peerDependencies:
      '@pixi/constants': 6.3.0
      '@pixi/core': 6.3.0
      '@pixi/utils': 6.3.0
    dependencies:
      '@pixi/constants': 6.3.0
      '@pixi/core': 6.3.0_27ae776bfc84274ca58c0cc44f8c5b37
      '@pixi/utils': 6.3.0_144ef662441eafe6efbce13303d1e8b8
    dev: false

  /@pixi/math/6.3.0:
    resolution: {integrity: sha512-QkF9wl3/kXvthwWhrDAVgWQWl3T9dbyicHsoWfx0s9b3E0rx+PZcpz5ftaAVxGd7EvecIxV9nEUnna9TIjvwJQ==}
    dev: false

  /@pixi/mesh-extras/6.3.0_8b9140838a1e372f10405c23ddaa8854:
    resolution: {integrity: sha512-rGvpW/UDNPDSALocT2w3jvBpF9TUgyvZMGcxqolIxDbrmRiyUeT1EeYnCQpIqQUnkKW1QKxLpuSjut2yfERe7A==}
    peerDependencies:
      '@pixi/constants': 6.3.0
      '@pixi/core': 6.3.0
      '@pixi/math': 6.3.0
      '@pixi/mesh': 6.3.0
      '@pixi/utils': 6.3.0
    dependencies:
      '@pixi/constants': 6.3.0
      '@pixi/core': 6.3.0_27ae776bfc84274ca58c0cc44f8c5b37
      '@pixi/math': 6.3.0
      '@pixi/mesh': 6.3.0_45b67f8fed0f079020fd8517bdc63488
      '@pixi/utils': 6.3.0_144ef662441eafe6efbce13303d1e8b8
    dev: false

  /@pixi/mesh/6.3.0_45b67f8fed0f079020fd8517bdc63488:
    resolution: {integrity: sha512-ljm1lk8ZyxQaZHl53psPptD7eO8yVt7mbEwly+qSyh61Nj950fq5CBgr2cd7TakBSUfiUthYAYP8wmdwop328Q==}
    peerDependencies:
      '@pixi/constants': 6.3.0
      '@pixi/core': 6.3.0
      '@pixi/display': 6.3.0
      '@pixi/math': 6.3.0
      '@pixi/settings': 6.3.0
      '@pixi/utils': 6.3.0
    dependencies:
      '@pixi/constants': 6.3.0
      '@pixi/core': 6.3.0_27ae776bfc84274ca58c0cc44f8c5b37
      '@pixi/display': 6.3.0_847174e7ddcf04d2e651eb5a179aff75
      '@pixi/math': 6.3.0
      '@pixi/settings': 6.3.0
      '@pixi/utils': 6.3.0_144ef662441eafe6efbce13303d1e8b8
    dev: false

  /@pixi/mixin-cache-as-bitmap/6.3.0_7be9bace190ffccae0fa6e49b620e873:
    resolution: {integrity: sha512-KIbclUCTv6J2ERIX8LM0PaGezKqfmDbR8X/68irbwsYU3fRtsFb9X4IHttguiItYK8C6syyepEyIRbWB/poc6Q==}
    peerDependencies:
      '@pixi/core': 6.3.0
      '@pixi/display': 6.3.0
      '@pixi/math': 6.3.0
      '@pixi/settings': 6.3.0
      '@pixi/sprite': 6.3.0
      '@pixi/utils': 6.3.0
    dependencies:
      '@pixi/core': 6.3.0_27ae776bfc84274ca58c0cc44f8c5b37
      '@pixi/display': 6.3.0_847174e7ddcf04d2e651eb5a179aff75
      '@pixi/math': 6.3.0
      '@pixi/settings': 6.3.0
      '@pixi/sprite': 6.3.0_45b67f8fed0f079020fd8517bdc63488
      '@pixi/utils': 6.3.0_144ef662441eafe6efbce13303d1e8b8
    dev: false

  /@pixi/mixin-get-child-by-name/6.3.0_@pixi+display@6.3.0:
    resolution: {integrity: sha512-R1nh985Fffo0HG3gmbbsBgbR0obGdjkVb31V9gUFileydY8u1jVA4sL1uzOfBbHAjDE+HFOO1wC1p6ygalUrkQ==}
    peerDependencies:
      '@pixi/display': 6.3.0
    dependencies:
      '@pixi/display': 6.3.0_847174e7ddcf04d2e651eb5a179aff75
    dev: false

  /@pixi/mixin-get-global-position/6.3.0_0a5c543cd7030a4f5de76ea535933907:
    resolution: {integrity: sha512-hDzLubpLSRH6hp+mn8mpONZeMcMc75ndkz6WROXI0gfoUkFdzxHStGBSk4VJRgtSj1zzOgmEqo7LP/y2blgYlw==}
    peerDependencies:
      '@pixi/display': 6.3.0
      '@pixi/math': 6.3.0
    dependencies:
      '@pixi/display': 6.3.0_847174e7ddcf04d2e651eb5a179aff75
      '@pixi/math': 6.3.0
    dev: false

  /@pixi/particle-container/6.3.0_499425e40f70bfcf5c78e9dbc9eba230:
    resolution: {integrity: sha512-yjcMUHIPUL4T27ECBrxgn6j00CpomYLBvdxXWDDqMSnm2W6AA+cy7QM30dCm2mcbStzB4j+cbYvN1+nRIuIE8Q==}
    peerDependencies:
      '@pixi/constants': 6.3.0
      '@pixi/core': 6.3.0
      '@pixi/display': 6.3.0
      '@pixi/math': 6.3.0
      '@pixi/utils': 6.3.0
    dependencies:
      '@pixi/constants': 6.3.0
      '@pixi/core': 6.3.0_27ae776bfc84274ca58c0cc44f8c5b37
      '@pixi/display': 6.3.0_847174e7ddcf04d2e651eb5a179aff75
      '@pixi/math': 6.3.0
      '@pixi/utils': 6.3.0_144ef662441eafe6efbce13303d1e8b8
    dev: false

  /@pixi/polyfill/6.3.0:
    resolution: {integrity: sha512-sjOLw0yndRipWOW3ykkCej5+VMZRBmnd32kUXXum9kgceSeL0w+iRPZrfvaFmgypqGnGpqwg24MsZ3vtIffd9g==}
    dependencies:
      object-assign: 4.1.1
      promise-polyfill: 8.2.3
    dev: false

  /@pixi/prepare/6.3.0_31d7e14a60d0a928bb09c6814ad5aa59:
    resolution: {integrity: sha512-eqQpEIAhctZ85YEQWYMI/LmNyLn8K+lpfH783YQQ1WjFmBrFgJzvm1vs+ztIRl+6EIzVIC28RmcBU15Vkmylew==}
    peerDependencies:
      '@pixi/core': 6.3.0
      '@pixi/display': 6.3.0
      '@pixi/graphics': 6.3.0
      '@pixi/settings': 6.3.0
      '@pixi/text': 6.3.0
      '@pixi/ticker': 6.3.0
    dependencies:
      '@pixi/core': 6.3.0_27ae776bfc84274ca58c0cc44f8c5b37
      '@pixi/display': 6.3.0_847174e7ddcf04d2e651eb5a179aff75
      '@pixi/graphics': 6.3.0_a09f64c7bef28a737b882c25c5af46fd
      '@pixi/settings': 6.3.0
      '@pixi/text': 6.3.0_09c15ae38211b732767a2ec7133a24a9
      '@pixi/ticker': 6.3.0_@pixi+settings@6.3.0
    dev: false

  /@pixi/runner/6.3.0:
    resolution: {integrity: sha512-dG0YK/59dMay1pBD3sXYWtyDQ1gjRY8QCI38b+wQiH9oFMNFtj/f/RxkL1XyaK0r7sC8TjXUiQ+7+lZlmcqIjw==}
    dev: false

  /@pixi/settings/6.3.0:
    resolution: {integrity: sha512-UkbZmlexr6NGM6Qz30Et63bpWAmpmkknOOnavrhWPnnbhFIx4kVzU9mvGMHGSGNLJabX9+gFUdjDGSlzF42v4w==}
    dependencies:
      ismobilejs: 1.1.1
    dev: false

  /@pixi/sprite-animated/6.3.0_3c0ec2cf44e4869083d5fa00362f7c5e:
    resolution: {integrity: sha512-P4VroljvyiAc9acwbUVZTHKwM418x5AFOAEYAx9NkF9izh2HhinjLa+iRK70gPnEBOMPwqn1taVnz/n4/aYHWw==}
    peerDependencies:
      '@pixi/core': 6.3.0
      '@pixi/sprite': 6.3.0
      '@pixi/ticker': 6.3.0
    dependencies:
      '@pixi/core': 6.3.0_27ae776bfc84274ca58c0cc44f8c5b37
      '@pixi/sprite': 6.3.0_45b67f8fed0f079020fd8517bdc63488
      '@pixi/ticker': 6.3.0_@pixi+settings@6.3.0
    dev: false

  /@pixi/sprite-tiling/6.3.0_a09f64c7bef28a737b882c25c5af46fd:
    resolution: {integrity: sha512-4+HodD9QwhiqIptBpT3rXuJDAJ5TSg2IRnHOo/+qSopA70VC1E+RRgyVvxfRfopfptcAHi60XWfzvFLHSV3LsA==}
    peerDependencies:
      '@pixi/constants': 6.3.0
      '@pixi/core': 6.3.0
      '@pixi/display': 6.3.0
      '@pixi/math': 6.3.0
      '@pixi/sprite': 6.3.0
      '@pixi/utils': 6.3.0
    dependencies:
      '@pixi/constants': 6.3.0
      '@pixi/core': 6.3.0_27ae776bfc84274ca58c0cc44f8c5b37
      '@pixi/display': 6.3.0_847174e7ddcf04d2e651eb5a179aff75
      '@pixi/math': 6.3.0
      '@pixi/sprite': 6.3.0_45b67f8fed0f079020fd8517bdc63488
      '@pixi/utils': 6.3.0_144ef662441eafe6efbce13303d1e8b8
    dev: false

  /@pixi/sprite/6.3.0_45b67f8fed0f079020fd8517bdc63488:
    resolution: {integrity: sha512-dv0CSkxjWZeUujYQ6NorJ5Cue6SL+RE/H739JK4+cAwEtoWpYqKqiw6aeUu4aqSRsqjhyk9ilhR+K1MbnImJKA==}
    peerDependencies:
      '@pixi/constants': 6.3.0
      '@pixi/core': 6.3.0
      '@pixi/display': 6.3.0
      '@pixi/math': 6.3.0
      '@pixi/settings': 6.3.0
      '@pixi/utils': 6.3.0
    dependencies:
      '@pixi/constants': 6.3.0
      '@pixi/core': 6.3.0_27ae776bfc84274ca58c0cc44f8c5b37
      '@pixi/display': 6.3.0_847174e7ddcf04d2e651eb5a179aff75
      '@pixi/math': 6.3.0
      '@pixi/settings': 6.3.0
      '@pixi/utils': 6.3.0_144ef662441eafe6efbce13303d1e8b8
    dev: false

  /@pixi/spritesheet/6.3.0_597c6343416fc4c35769530e3044de43:
    resolution: {integrity: sha512-TAIIVA2KFJk7lKB4Ggep99bxpkSjnYlODuLEZ9EoJ6QIEx9A1HesaKwwqzfneeCzX5BOBeJMgZ++rujE29rrpg==}
    peerDependencies:
      '@pixi/core': 6.3.0
      '@pixi/loaders': 6.3.0
      '@pixi/math': 6.3.0
      '@pixi/utils': 6.3.0
    dependencies:
      '@pixi/core': 6.3.0_27ae776bfc84274ca58c0cc44f8c5b37
      '@pixi/loaders': 6.3.0_a94aba2335b7bc65a24d61ccd7be5733
      '@pixi/math': 6.3.0
      '@pixi/utils': 6.3.0_144ef662441eafe6efbce13303d1e8b8
    dev: false

  /@pixi/text-bitmap/6.3.0_e5b7c7296d8d0ea296850d503201ab8e:
    resolution: {integrity: sha512-ogoJ+k7MHUEUb8b+yBZOi9jLW/TvIEduf2FJ5S52sovjhjs1/uZw2sdR43tM9BGxP1W9H6GE5yOK5f2sEFZIKg==}
    peerDependencies:
      '@pixi/constants': 6.3.0
      '@pixi/core': 6.3.0
      '@pixi/display': 6.3.0
      '@pixi/loaders': 6.3.0
      '@pixi/math': 6.3.0
      '@pixi/mesh': 6.3.0
      '@pixi/settings': 6.3.0
      '@pixi/text': 6.3.0
      '@pixi/utils': 6.3.0
    dependencies:
      '@pixi/constants': 6.3.0
      '@pixi/core': 6.3.0_27ae776bfc84274ca58c0cc44f8c5b37
      '@pixi/display': 6.3.0_847174e7ddcf04d2e651eb5a179aff75
      '@pixi/loaders': 6.3.0_a94aba2335b7bc65a24d61ccd7be5733
      '@pixi/math': 6.3.0
      '@pixi/mesh': 6.3.0_45b67f8fed0f079020fd8517bdc63488
      '@pixi/settings': 6.3.0
      '@pixi/text': 6.3.0_09c15ae38211b732767a2ec7133a24a9
      '@pixi/utils': 6.3.0_144ef662441eafe6efbce13303d1e8b8
    dev: false

  /@pixi/text/6.3.0_09c15ae38211b732767a2ec7133a24a9:
    resolution: {integrity: sha512-hDevLv8HztzdImA6sIvmpBpNoIyDCrMNJAdjTUo/Kw1aoKlDaOGx4K3J7wVTzV1d1WrreIXtOsO3rQUOzf/hmg==}
    peerDependencies:
      '@pixi/core': 6.3.0
      '@pixi/math': 6.3.0
      '@pixi/settings': 6.3.0
      '@pixi/sprite': 6.3.0
      '@pixi/utils': 6.3.0
    dependencies:
      '@pixi/core': 6.3.0_27ae776bfc84274ca58c0cc44f8c5b37
      '@pixi/math': 6.3.0
      '@pixi/settings': 6.3.0
      '@pixi/sprite': 6.3.0_45b67f8fed0f079020fd8517bdc63488
      '@pixi/utils': 6.3.0_144ef662441eafe6efbce13303d1e8b8
    dev: false

  /@pixi/ticker/6.3.0_@pixi+settings@6.3.0:
    resolution: {integrity: sha512-cEqyQgM5entsi+h85fUnESBzNc/yMRG/mqsfAr7/KraP7bmCcn3MYVuTycRMkRbuNPjC1NIpqkqiOaxzgAUGPw==}
    peerDependencies:
      '@pixi/settings': 6.3.0
    dependencies:
      '@pixi/settings': 6.3.0
    dev: false

  /@pixi/unsafe-eval/6.3.0_@pixi+core@6.3.0:
    resolution: {integrity: sha512-c+xUFnWB2R7PuGp3JWzLa7DnylV5nEYXBvD0U2AmGXrl4VrnET2vtqkMiFXab1wx5svR+LnFrBBysLI+9e1Cbw==}
    peerDependencies:
      '@pixi/core': 6.3.0
    dependencies:
      '@pixi/core': 6.3.0_27ae776bfc84274ca58c0cc44f8c5b37
    dev: false

  /@pixi/utils/6.3.0_144ef662441eafe6efbce13303d1e8b8:
    resolution: {integrity: sha512-QI5wb/fDdH8DAzIMlrYS0MhG382FPMLh4s3yRtOaftiOb84LL7Syz//SC+CJAyVB0UV/Lpr+T6PiCa4eBjRDgA==}
    peerDependencies:
      '@pixi/constants': 6.3.0
      '@pixi/settings': 6.3.0
    dependencies:
      '@pixi/constants': 6.3.0
      '@pixi/settings': 6.3.0
      '@types/earcut': 2.1.1
      earcut: 2.2.3
      eventemitter3: 3.1.2
      url: 0.11.0
    dev: false

  /@rollup/pluginutils/4.2.0:
    resolution: {integrity: sha512-2WUyJNRkyH5p487pGnn4tWAsxhEFKN/pT8CMgHshd5H+IXkOnKvKZwsz5ZWz+YCXkleZRAU5kwbfgF8CPfDRqA==}
    engines: {node: '>= 8.0.0'}
    dependencies:
      estree-walker: 2.0.2
      picomatch: 2.3.1
    dev: true

  /@sveltejs/adapter-auto/1.0.0-next.36:
    resolution: {integrity: sha512-BCvSlz77Mz38K2sQUQ3YcudxJsOZprOmIW05rzPf5KrqidWa5CvPH2PdQ7XKX7CYgcZHqWioyYt8oxdXBCIulA==}
    dependencies:
      '@sveltejs/adapter-cloudflare': 1.0.0-next.18
      '@sveltejs/adapter-netlify': 1.0.0-next.53
      '@sveltejs/adapter-vercel': 1.0.0-next.49
    dev: true

  /@sveltejs/adapter-cloudflare/1.0.0-next.18:
    resolution: {integrity: sha512-iIb7ScN2hnnfVQPhRjw0FYpovYJrw4n22BFAQIg6QvOwmmGz1E3QkyBkm/tRmyY7emDfnljgXtvk4Hsoszp5Ug==}
    dependencies:
      esbuild: 0.14.34
      worktop: 0.8.0-next.12
    dev: true

  /@sveltejs/adapter-netlify/1.0.0-next.53:
    resolution: {integrity: sha512-F35KBfdSbR2FXJWliTRj422Y8OAc3syx9vgVPO/bQRuqSnCpXmgxuUgmPZ73/skv3fS4QStXsXQGTnyV4Xs25A==}
    dependencies:
      '@iarna/toml': 2.2.5
      esbuild: 0.14.34
      tiny-glob: 0.2.9
    dev: true

  /@sveltejs/adapter-vercel/1.0.0-next.49:
    resolution: {integrity: sha512-Me0Zb10iBv+ySVMc0XgI7rdzwiMmeVHq48iVv3oXORa/et/efJVEknVSVk22q15XRqys7DhoPirf54Mz4jElFQ==}
    dependencies:
      esbuild: 0.14.34
    dev: true

  /@sveltejs/kit/1.0.0-next.318_svelte@3.47.0:
    resolution: {integrity: sha512-/M/XNvEqK71KCGro1xLuiUuklsMPe+G5DiVMs39tpfFIFhH4oCzAt+YBaIZDKORogGz3QDaYc5BV+eFv9E5cyw==}
    engines: {node: '>=14.13'}
    hasBin: true
    peerDependencies:
      svelte: ^3.44.0
    dependencies:
      '@sveltejs/vite-plugin-svelte': 1.0.0-next.41_svelte@3.47.0+vite@2.9.1
      sade: 1.8.1
      svelte: 3.47.0
      vite: 2.9.1
    transitivePeerDependencies:
      - diff-match-patch
      - less
      - sass
      - stylus
      - supports-color
    dev: true

  /@sveltejs/vite-plugin-svelte/1.0.0-next.41_svelte@3.47.0+vite@2.9.1:
    resolution: {integrity: sha512-2kZ49mpi/YW1PIPvKaJNSSwIFgmw9QUf1+yaNa4U8yJD6AsfSHXAU3goscWbi1jfWnSg2PhvwAf+bvLCdp2F9g==}
    engines: {node: ^14.13.1 || >= 16}
    peerDependencies:
      diff-match-patch: ^1.0.5
      svelte: ^3.44.0
      vite: ^2.9.0
    peerDependenciesMeta:
      diff-match-patch:
        optional: true
    dependencies:
      '@rollup/pluginutils': 4.2.0
      debug: 4.3.4
      kleur: 4.1.4
      magic-string: 0.26.1
      svelte: 3.47.0
      svelte-hmr: 0.14.11_svelte@3.47.0
      vite: 2.9.1
    transitivePeerDependencies:
      - supports-color
    dev: true

  /@types/earcut/2.1.1:
    resolution: {integrity: sha512-w8oigUCDjElRHRRrMvn/spybSMyX8MTkKA5Dv+tS1IE/TgmNZPqUYtvYBXGY8cieSE66gm+szeK+bnbxC2xHTQ==}
    dev: false

  /@types/offscreencanvas/2019.6.4:
    resolution: {integrity: sha512-u8SAgdZ8ROtkTF+mfZGOscl0or6BSj9A4g37e6nvxDc+YB/oDut0wHkK2PBBiC2bNR8TS0CPV+1gAk4fNisr1Q==}
    dev: false

  /debug/4.3.4:
    resolution: {integrity: sha512-PRWFHuSU3eDtQJPvnNY7Jcket1j0t5OuOsFzPPzsekD52Zl8qUfFIPEiswXqIvHWGVHOgX+7G/vCNNhehwxfkQ==}
    engines: {node: '>=6.0'}
    peerDependencies:
      supports-color: '*'
    peerDependenciesMeta:
      supports-color:
        optional: true
    dependencies:
      ms: 2.1.2
    dev: true

  /earcut/2.2.3:
    resolution: {integrity: sha512-iRDI1QeCQIhMCZk48DRDMVgQSSBDmbzzNhnxIo+pwx3swkfjMh6vh0nWLq1NdvGHLKH6wIrAM3vQWeTj6qeoug==}
    dev: false

  /esbuild-android-64/0.14.34:
    resolution: {integrity: sha512-XfxcfJqmMYsT/LXqrptzFxmaR3GWzXHDLdFNIhm6S00zPaQF1TBBWm+9t0RZ6LRR7iwH57DPjaOeW20vMqI4Yw==}
    engines: {node: '>=12'}
    cpu: [x64]
    os: [android]
    requiresBuild: true
    dev: true
    optional: true

  /esbuild-android-arm64/0.14.34:
    resolution: {integrity: sha512-T02+NXTmSRL1Mc6puz+R9CB54rSPICkXKq6+tw8B6vxZFnCPzbJxgwIX4kcluz9p8nYBjF3+lSilTGWb7+Xgew==}
    engines: {node: '>=12'}
    cpu: [arm64]
    os: [android]
    requiresBuild: true
    dev: true
    optional: true

  /esbuild-darwin-64/0.14.34:
    resolution: {integrity: sha512-pLRip2Bh4Ng7Bf6AMgCrSp3pPe/qZyf11h5Qo2mOfJqLWzSVjxrXW+CFRJfrOVP7TCnh/gmZSM2AFdCPB72vtw==}
    engines: {node: '>=12'}
    cpu: [x64]
    os: [darwin]
    requiresBuild: true
    dev: true
    optional: true

  /esbuild-darwin-arm64/0.14.34:
    resolution: {integrity: sha512-vpidSJEBxx6lf1NWgXC+DCmGqesJuZ5Y8aQVVsaoO4i8tRXbXb0whChRvop/zd3nfNM4dIl5EXAky0knRX5I6w==}
    engines: {node: '>=12'}
    cpu: [arm64]
    os: [darwin]
    requiresBuild: true
    dev: true
    optional: true

  /esbuild-freebsd-64/0.14.34:
    resolution: {integrity: sha512-m0HBjePhe0hAQJgtMRMNV9kMgIyV4/qSnzPx42kRMQBcPhgjAq1JRu4Il26czC+9FgpMbFkUktb07f/Lwnc6CA==}
    engines: {node: '>=12'}
    cpu: [x64]
    os: [freebsd]
    requiresBuild: true
    dev: true
    optional: true

  /esbuild-freebsd-arm64/0.14.34:
    resolution: {integrity: sha512-cpRc2B94L1KvMPPYB4D6G39jLqpKlD3noAMY4/e86iXXXkhUYJJEtTuyNFTa9JRpWM0xCAp4mxjHjoIiLuoCLA==}
    engines: {node: '>=12'}
    cpu: [arm64]
    os: [freebsd]
    requiresBuild: true
    dev: true
    optional: true

  /esbuild-linux-32/0.14.34:
    resolution: {integrity: sha512-8nQaEaoW7MH/K/RlozJa+lE1ejHIr8fuPIHhc513UebRav7HtXgQvxHQ6VZRUkWtep23M6dd7UqhwO1tMOfzQQ==}
    engines: {node: '>=12'}
    cpu: [ia32]
    os: [linux]
    requiresBuild: true
    dev: true
    optional: true

  /esbuild-linux-64/0.14.34:
    resolution: {integrity: sha512-Y3of4qQoLLlAgf042MlrY1P+7PnN9zWj8nVtw9XQG5hcLOZLz7IKpU35oeu7n4wvyaZHwvQqDJ93gRLqdJekcQ==}
    engines: {node: '>=12'}
    cpu: [x64]
    os: [linux]
    requiresBuild: true
    dev: true
    optional: true

  /esbuild-linux-arm/0.14.34:
    resolution: {integrity: sha512-9lpq1NcJqssAF7alCO6zL3gvBVVt/lKw4oetUM7OgNnRX0OWpB+ZIO9FwCrSj/dMdmgDhPLf+119zB8QxSMmAg==}
    engines: {node: '>=12'}
    cpu: [arm]
    os: [linux]
    requiresBuild: true
    dev: true
    optional: true

  /esbuild-linux-arm64/0.14.34:
    resolution: {integrity: sha512-IlWaGtj9ir7+Nrume1DGcyzBDlK8GcnJq0ANKwcI9pVw8tqr+6GD0eqyF9SF1mR8UmAp+odrx1H5NdR2cHdFHA==}
    engines: {node: '>=12'}
    cpu: [arm64]
    os: [linux]
    requiresBuild: true
    dev: true
    optional: true

  /esbuild-linux-mips64le/0.14.34:
    resolution: {integrity: sha512-k3or+01Rska1AjUyNjA4buEwB51eyN/xPQAoOx1CjzAQC3l8rpjUDw55kXyL63O/1MUi4ISvtNtl8gLwdyEcxw==}
    engines: {node: '>=12'}
    cpu: [mips64el]
    os: [linux]
    requiresBuild: true
    dev: true
    optional: true

  /esbuild-linux-ppc64le/0.14.34:
    resolution: {integrity: sha512-+qxb8M9FfM2CJaVU7GgYpJOHM1ngQOx+/VrtBjb4C8oVqaPcESCeg2anjl+HRZy8VpYc71q/iBYausPPbJ+Keg==}
    engines: {node: '>=12'}
    cpu: [ppc64]
    os: [linux]
    requiresBuild: true
    dev: true
    optional: true

  /esbuild-linux-riscv64/0.14.34:
    resolution: {integrity: sha512-Y717ltBdQ5j5sZIHdy1DV9kieo0wMip0dCmVSTceowCPYSn1Cg33Kd6981+F/3b9FDMzNWldZFOBRILViENZSA==}
    engines: {node: '>=12'}
    cpu: [riscv64]
    os: [linux]
    requiresBuild: true
    dev: true
    optional: true

  /esbuild-linux-s390x/0.14.34:
    resolution: {integrity: sha512-bDDgYO4LhL4+zPs+WcBkXph+AQoPcQRTv18FzZS0WhjfH8TZx2QqlVPGhmhZ6WidrY+jKthUqO6UhGyIb4MpmA==}
    engines: {node: '>=12'}
    cpu: [s390x]
    os: [linux]
    requiresBuild: true
    dev: true
    optional: true

  /esbuild-netbsd-64/0.14.34:
    resolution: {integrity: sha512-cfaFGXdRt0+vHsjNPyF0POM4BVSHPSbhLPe8mppDc7GDDxjIl08mV1Zou14oDWMp/XZMjYN1kWYRSfftiD0vvQ==}
    engines: {node: '>=12'}
    cpu: [x64]
    os: [netbsd]
    requiresBuild: true
    dev: true
    optional: true

  /esbuild-openbsd-64/0.14.34:
    resolution: {integrity: sha512-vmy9DxXVnRiI14s8GKuYBtess+EVcDALkbpTqd5jw4XITutIzyB7n4x0Tj5utAkKsgZJB22lLWGekr0ABnSLow==}
    engines: {node: '>=12'}
    cpu: [x64]
    os: [openbsd]
    requiresBuild: true
    dev: true
    optional: true

  /esbuild-sunos-64/0.14.34:
    resolution: {integrity: sha512-eNPVatNET1F7tRMhii7goL/eptfxc0ALRjrj9SPFNqp0zmxrehBFD6BaP3R4LjMn6DbMO0jOAnTLFKr8NqcJAA==}
    engines: {node: '>=12'}
    cpu: [x64]
    os: [sunos]
    requiresBuild: true
    dev: true
    optional: true

  /esbuild-windows-32/0.14.34:
    resolution: {integrity: sha512-EFhpXyHEcnqWYe2rAHFd8dRw8wkrd9U+9oqcyoEL84GbanAYjiiIjBZsnR8kl0sCQ5w6bLpk7vCEIA2VS32Vcg==}
    engines: {node: '>=12'}
    cpu: [ia32]
    os: [win32]
    requiresBuild: true
    dev: true
    optional: true

  /esbuild-windows-64/0.14.34:
    resolution: {integrity: sha512-a8fbl8Ky7PxNEjf1aJmtxdDZj32/hC7S1OcA2ckEpCJRTjiKslI9vAdPpSjrKIWhws4Galpaawy0nB7fjHYf5Q==}
    engines: {node: '>=12'}
    cpu: [x64]
    os: [win32]
    requiresBuild: true
    dev: true
    optional: true

  /esbuild-windows-arm64/0.14.34:
    resolution: {integrity: sha512-EYvmKbSa2B3sPnpC28UEu9jBK5atGV4BaVRE7CYGUci2Hlz4AvtV/LML+TcDMT6gBgibnN2gcltWclab3UutMg==}
    engines: {node: '>=12'}
    cpu: [arm64]
    os: [win32]
    requiresBuild: true
    dev: true
    optional: true

  /esbuild/0.14.34:
    resolution: {integrity: sha512-QIWdPT/gFF6hCaf4m7kP0cJ+JIuFkdHibI7vVFvu3eJS1HpVmYHWDulyN5WXwbRA0SX/7ZDaJ/1DH8SdY9xOJg==}
    engines: {node: '>=12'}
    hasBin: true
    requiresBuild: true
    optionalDependencies:
      esbuild-android-64: 0.14.34
      esbuild-android-arm64: 0.14.34
      esbuild-darwin-64: 0.14.34
      esbuild-darwin-arm64: 0.14.34
      esbuild-freebsd-64: 0.14.34
      esbuild-freebsd-arm64: 0.14.34
      esbuild-linux-32: 0.14.34
      esbuild-linux-64: 0.14.34
      esbuild-linux-arm: 0.14.34
      esbuild-linux-arm64: 0.14.34
      esbuild-linux-mips64le: 0.14.34
      esbuild-linux-ppc64le: 0.14.34
      esbuild-linux-riscv64: 0.14.34
      esbuild-linux-s390x: 0.14.34
      esbuild-netbsd-64: 0.14.34
      esbuild-openbsd-64: 0.14.34
      esbuild-sunos-64: 0.14.34
      esbuild-windows-32: 0.14.34
      esbuild-windows-64: 0.14.34
      esbuild-windows-arm64: 0.14.34
    dev: true

  /estree-walker/2.0.2:
    resolution: {integrity: sha512-Rfkk/Mp/DL7JVje3u18FxFujQlTNR2q6QfMSMB7AvCBx91NGj/ba3kCfza0f6dVDbw7YlRf/nDrn7pQrCCyQ/w==}
    dev: true

  /eventemitter3/3.1.2:
    resolution: {integrity: sha512-tvtQIeLVHjDkJYnzf2dgVMxfuSGJeM/7UCG17TT4EumTfNtF+0nebF/4zWOIkCreAbtNqhGEboB6BWrwqNaw4Q==}
    dev: false

  /fsevents/2.3.2:
    resolution: {integrity: sha512-xiqMQR4xAeHTuB9uWm+fFRcIOgKBMiOBP+eXiyT7jsgVCq1bkVygt00oASowB7EdtpOHaaPgKt812P9ab+DDKA==}
    engines: {node: ^8.16.0 || ^10.6.0 || >=11.0.0}
    os: [darwin]
    requiresBuild: true
    dev: true
    optional: true

  /function-bind/1.1.1:
    resolution: {integrity: sha512-yIovAzMX49sF8Yl58fSCWJ5svSLuaibPxXQJFLmBObTuCr0Mf1KiPopGM9NiFjiYBCbfaa2Fh6breQ6ANVTI0A==}
    dev: true

  /globalyzer/0.1.0:
    resolution: {integrity: sha512-40oNTM9UfG6aBmuKxk/giHn5nQ8RVz/SS4Ir6zgzOv9/qC3kKZ9v4etGTcJbEl/NyVQH7FGU7d+X1egr57Md2Q==}
    dev: true

  /globrex/0.1.2:
    resolution: {integrity: sha512-uHJgbwAMwNFf5mLst7IWLNg14x1CkeqglJb/K3doi4dw6q2IvAAmM/Y81kevy83wP+Sst+nutFTYOGg3d1lsxg==}
    dev: true

  /has/1.0.3:
    resolution: {integrity: sha512-f2dvO0VU6Oej7RkWJGrehjbzMAjFp5/VKPp5tTpWIV4JHHZK1/BxbFRtf/siA2SWTe09caDmVtYYzWEIbBS4zw==}
    engines: {node: '>= 0.4.0'}
    dependencies:
      function-bind: 1.1.1
    dev: true

  /is-core-module/2.8.1:
    resolution: {integrity: sha512-SdNCUs284hr40hFTFP6l0IfZ/RSrMXF3qgoRHd3/79unUTvrFO/JoXwkGm+5J/Oe3E/b5GsnG330uUNgRpu1PA==}
    dependencies:
      has: 1.0.3
    dev: true

  /ismobilejs/1.1.1:
    resolution: {integrity: sha512-VaFW53yt8QO61k2WJui0dHf4SlL8lxBofUuUmwBo0ljPk0Drz2TiuDW4jo3wDcv41qy/SxrJ+VAzJ/qYqsmzRw==}
    dev: false

  /kleur/4.1.4:
    resolution: {integrity: sha512-8QADVssbrFjivHWQU7KkMgptGTl6WAcSdlbBPY4uNF+mWr6DGcKrvY2w4FQJoXch7+fKMjj0dRrL75vk3k23OA==}
    engines: {node: '>=6'}
    dev: true

  /magic-string/0.26.1:
    resolution: {integrity: sha512-ndThHmvgtieXe8J/VGPjG+Apu7v7ItcD5mhEIvOscWjPF/ccOiLxHaSuCAS2G+3x4GKsAbT8u7zdyamupui8Tg==}
    engines: {node: '>=12'}
    dependencies:
      sourcemap-codec: 1.4.8
    dev: true

  /mri/1.2.0:
    resolution: {integrity: sha512-tzzskb3bG8LvYGFF/mDTpq3jpI6Q9wc3LEmBaghu+DdCssd1FakN7Bc0hVNmEyGq1bq3RgfkCb3cmQLpNPOroA==}
    engines: {node: '>=4'}
    dev: true

  /mrmime/1.0.0:
    resolution: {integrity: sha512-a70zx7zFfVO7XpnQ2IX1Myh9yY4UYvfld/dikWRnsXxbyvMcfz+u6UfgNAtH+k2QqtJuzVpv6eLTx1G2+WKZbQ==}
    engines: {node: '>=10'}
    dev: true

  /ms/2.1.2:
    resolution: {integrity: sha512-sGkPx+VjMtmA6MX27oA4FBFELFCZZ4S4XqeGOXCv68tT+jb3vk/RyaKWP0PTKyWtmLSM0b+adUTEvbs1PEaH2w==}
    dev: true

  /nanoid/3.3.2:
    resolution: {integrity: sha512-CuHBogktKwpm5g2sRgv83jEy2ijFzBwMoYA60orPDR7ynsLijJDqgsi4RDGj3OJpy3Ieb+LYwiRmIOGyytgITA==}
    engines: {node: ^10 || ^12 || ^13.7 || ^14 || >=15.0.1}
    hasBin: true
    dev: true

  /object-assign/4.1.1:
    resolution: {integrity: sha1-IQmtx5ZYh8/AXLvUQsrIv7s2CGM=}
    engines: {node: '>=0.10.0'}
    dev: false

  /path-parse/1.0.7:
    resolution: {integrity: sha512-LDJzPVEEEPR+y48z93A0Ed0yXb8pAByGWo/k5YYdYgpY2/2EsOsksJrq7lOHxryrVOn1ejG6oAp8ahvOIQD8sw==}
    dev: true

  /picocolors/1.0.0:
    resolution: {integrity: sha512-1fygroTLlHu66zi26VoTDv8yRgm0Fccecssto+MhsZ0D/DGW2sm8E8AjW7NU5VVTRt5GxbeZ5qBuJr+HyLYkjQ==}
    dev: true

  /picomatch/2.3.1:
    resolution: {integrity: sha512-JU3teHTNjmE2VCGFzuY8EXzCDVwEqB2a8fsIvwaStHhAWJEeVd1o1QD80CU6+ZdEXXSLbSsuLwJjkCBWqRQUVA==}
    engines: {node: '>=8.6'}
    dev: true

  /pixi.js/6.3.0:
    resolution: {integrity: sha512-ayOmVagMSa5lPVvznDf2e4EppwzPEDnB/q3AYdjTM9Ksw+JKT3lbLuZFo/6U0HNYF9DsJRJL/4ebReZh1hnqLQ==}
    dependencies:
      '@pixi/accessibility': 6.3.0_bb4b4e28a5dfba35286b18f9d00067ac
      '@pixi/app': 6.3.0_cdae25483588b0a4e56d97fe063feaa7
      '@pixi/compressed-textures': 6.3.0_d089c9ec1b9a94e9d501f212351db9af
      '@pixi/constants': 6.3.0
      '@pixi/core': 6.3.0_27ae776bfc84274ca58c0cc44f8c5b37
      '@pixi/display': 6.3.0_847174e7ddcf04d2e651eb5a179aff75
      '@pixi/extract': 6.3.0_fe061c6812dd841a336f7bdce639d7bd
      '@pixi/filter-alpha': 6.3.0_@pixi+core@6.3.0
      '@pixi/filter-blur': 6.3.0_3cf1b78697a3bd859784ee357016e80d
      '@pixi/filter-color-matrix': 6.3.0_@pixi+core@6.3.0
      '@pixi/filter-displacement': 6.3.0_f0ca2d9aa40a357b10a6579c2ba2580c
      '@pixi/filter-fxaa': 6.3.0_@pixi+core@6.3.0
      '@pixi/filter-noise': 6.3.0_@pixi+core@6.3.0
      '@pixi/graphics': 6.3.0_a09f64c7bef28a737b882c25c5af46fd
      '@pixi/interaction': 6.3.0_a0f03be371cd1c37a108c6bd3cfd784e
      '@pixi/loaders': 6.3.0_a94aba2335b7bc65a24d61ccd7be5733
      '@pixi/math': 6.3.0
      '@pixi/mesh': 6.3.0_45b67f8fed0f079020fd8517bdc63488
      '@pixi/mesh-extras': 6.3.0_8b9140838a1e372f10405c23ddaa8854
      '@pixi/mixin-cache-as-bitmap': 6.3.0_7be9bace190ffccae0fa6e49b620e873
      '@pixi/mixin-get-child-by-name': 6.3.0_@pixi+display@6.3.0
      '@pixi/mixin-get-global-position': 6.3.0_0a5c543cd7030a4f5de76ea535933907
      '@pixi/particle-container': 6.3.0_499425e40f70bfcf5c78e9dbc9eba230
      '@pixi/polyfill': 6.3.0
      '@pixi/prepare': 6.3.0_31d7e14a60d0a928bb09c6814ad5aa59
      '@pixi/runner': 6.3.0
      '@pixi/settings': 6.3.0
      '@pixi/sprite': 6.3.0_45b67f8fed0f079020fd8517bdc63488
      '@pixi/sprite-animated': 6.3.0_3c0ec2cf44e4869083d5fa00362f7c5e
      '@pixi/sprite-tiling': 6.3.0_a09f64c7bef28a737b882c25c5af46fd
      '@pixi/spritesheet': 6.3.0_597c6343416fc4c35769530e3044de43
      '@pixi/text': 6.3.0_09c15ae38211b732767a2ec7133a24a9
      '@pixi/text-bitmap': 6.3.0_e5b7c7296d8d0ea296850d503201ab8e
      '@pixi/ticker': 6.3.0_@pixi+settings@6.3.0
      '@pixi/utils': 6.3.0_144ef662441eafe6efbce13303d1e8b8
    dev: false

  /postcss/8.4.12:
    resolution: {integrity: sha512-lg6eITwYe9v6Hr5CncVbK70SoioNQIq81nsaG86ev5hAidQvmOeETBqs7jm43K2F5/Ley3ytDtriImV6TpNiSg==}
    engines: {node: ^10 || ^12 || >=14}
    dependencies:
      nanoid: 3.3.2
      picocolors: 1.0.0
      source-map-js: 1.0.2
    dev: true

  /promise-polyfill/8.2.3:
    resolution: {integrity: sha512-Og0+jCRQetV84U8wVjMNccfGCnMQ9mGs9Hv78QFe+pSDD3gWTpz0y+1QCuxy5d/vBFuZ3iwP2eycAkvqIMPmWg==}
    dev: false

  /punycode/1.3.2:
    resolution: {integrity: sha1-llOgNvt8HuQjQvIyXM7v6jkmxI0=}
    dev: false

  /querystring/0.2.0:
    resolution: {integrity: sha1-sgmEkgO7Jd+CDadW50cAWHhSFiA=}
    engines: {node: '>=0.4.x'}
    deprecated: The querystring API is considered Legacy. new code should use the URLSearchParams API instead.
    dev: false

  /regexparam/2.0.0:
    resolution: {integrity: sha512-gJKwd2MVPWHAIFLsaYDZfyKzHNS4o7E/v8YmNf44vmeV2e4YfVoDToTOKTvE7ab68cRJ++kLuEXJBaEeJVt5ow==}
    engines: {node: '>=8'}
    dev: true

  /resolve/1.22.0:
    resolution: {integrity: sha512-Hhtrw0nLeSrFQ7phPp4OOcVjLPIeMnRlr5mcnVuMe7M/7eBn98A3hmFRLoFo3DLZkivSYwhRUJTyPyWAk56WLw==}
    hasBin: true
    dependencies:
      is-core-module: 2.8.1
      path-parse: 1.0.7
      supports-preserve-symlinks-flag: 1.0.0
    dev: true

  /rollup/2.70.1:
    resolution: {integrity: sha512-CRYsI5EuzLbXdxC6RnYhOuRdtz4bhejPMSWjsFLfVM/7w/85n2szZv6yExqUXsBdz5KT8eoubeyDUDjhLHEslA==}
    engines: {node: '>=10.0.0'}
    hasBin: true
    optionalDependencies:
      fsevents: 2.3.2
    dev: true

  /sade/1.8.1:
    resolution: {integrity: sha512-xal3CZX1Xlo/k4ApwCFrHVACi9fBqJ7V+mwhBsuf/1IOKbBy098Fex+Wa/5QMubw09pSZ/u8EY8PWgevJsXp1A==}
    engines: {node: '>=6'}
    dependencies:
      mri: 1.2.0
    dev: true

  /source-map-js/1.0.2:
    resolution: {integrity: sha512-R0XvVJ9WusLiqTCEiGCmICCMplcCkIwwR11mOSD9CR5u+IXYdiseeEuXCVAjS54zqwkLcPNnmU4OeJ6tUrWhDw==}
    engines: {node: '>=0.10.0'}
    dev: true

  /sourcemap-codec/1.4.8:
    resolution: {integrity: sha512-9NykojV5Uih4lgo5So5dtw+f0JgJX30KCNI8gwhz2J9A15wD0Ml6tjHKwf6fTSa6fAdVBdZeNOs9eJ71qCk8vA==}
    dev: true

  /supports-preserve-symlinks-flag/1.0.0:
    resolution: {integrity: sha512-ot0WnXS9fgdkgIcePe6RHNk1WA8+muPa6cSjeR3V8K27q9BB1rTE3R1p7Hv0z1ZyAc8s6Vvv8DIyWf681MAt0w==}
    engines: {node: '>= 0.4'}
    dev: true

  /svelte-hmr/0.14.11_svelte@3.47.0:
    resolution: {integrity: sha512-R9CVfX6DXxW1Kn45Jtmx+yUe+sPhrbYSUp7TkzbW0jI5fVPn6lsNG9NEs5dFg5qRhFNAoVdRw5qQDLALNKhwbQ==}
    engines: {node: ^12.20 || ^14.13.1 || >= 16}
    peerDependencies:
      svelte: '>=3.19.0'
    dependencies:
      svelte: 3.47.0
    dev: true

  /svelte-pixi/0.1.0-alpha.19_pixi.js@6.3.0:
    resolution: {integrity: sha512-kt35u3mBngOzQdYveT5Vk8RvBryohWwjVp7ual2vxEcrAUkCfs75ZV3KsW4dFsoa1PyiQr66KcVXF7SCuJt8NA==}
    peerDependencies:
      pixi.js: ^6.0.0
    dependencies:
      pixi.js: 6.3.0
    dev: false

  /svelte/3.47.0:
    resolution: {integrity: sha512-4JaJp3HEoTCGARRWZQIZDUanhYv0iyoHikklVHVLH9xFE9db22g4TDv7CPeNA8HD1JgjXI1vlhR1JZvvhaTu2Q==}
    engines: {node: '>= 8'}
    dev: true

  /tiny-glob/0.2.9:
    resolution: {integrity: sha512-g/55ssRPUjShh+xkfx9UPDXqhckHEsHr4Vd9zX55oSdGZc/MD0m3sferOkwWtp98bv+kcVfEHtRJgBVJzelrzg==}
    dependencies:
      globalyzer: 0.1.0
      globrex: 0.1.2
    dev: true

  /url/0.11.0:
    resolution: {integrity: sha1-ODjpfPxgUh63PFJajlW/3Z4uKPE=}
    dependencies:
      punycode: 1.3.2
      querystring: 0.2.0
    dev: false

  /vite/2.9.1:
    resolution: {integrity: sha512-vSlsSdOYGcYEJfkQ/NeLXgnRv5zZfpAsdztkIrs7AZHV8RCMZQkwjo4DS5BnrYTqoWqLoUe1Cah4aVO4oNNqCQ==}
    engines: {node: '>=12.2.0'}
    hasBin: true
    peerDependencies:
      less: '*'
      sass: '*'
      stylus: '*'
    peerDependenciesMeta:
      less:
        optional: true
      sass:
        optional: true
      stylus:
        optional: true
    dependencies:
      esbuild: 0.14.34
      postcss: 8.4.12
      resolve: 1.22.0
      rollup: 2.70.1
    optionalDependencies:
      fsevents: 2.3.2
    dev: true

  /worktop/0.8.0-next.12:
    resolution: {integrity: sha512-ZXdgI9XOf0uB4IegFoViLdQ0Bf7hish0XMHwuV3nopOXygfLJkwAC5+HyA+sihBMSM2sLLQ5uGnD5aknL8+NQg==}
    engines: {node: '>=12'}
    dependencies:
      mrmime: 1.0.0
      regexparam: 2.0.0
    dev: true
